
Microsoft Visual Studio Solution File, Format Version 12.00
# Visual Studio Version 17
VisualStudioVersion = 17.7.34221.43
MinimumVisualStudioVersion = 10.0.40219.1
Project("{FAE04EC0-301F-11D3-BF4B-00C04F79EFBC}") = "HolaMundo", "HolaMundo\HolaMundo.csproj", "{FF74BBA6-61A2-4ADE-95F1-FA83F09A510E}"
EndProject
Global
	GlobalSection(SolutionConfigurationPlatforms) = preSolution
		Debug|Any CPU = Debug|Any CPU
		Release|Any CPU = Release|Any CPU
	EndGlobalSection
	GlobalSection(ProjectConfigurationPlatforms) = postSolution
		{FF74BBA6-61A2-4ADE-95F1-FA83F09A510E}.Debug|Any CPU.ActiveCfg = Debug|Any CPU
		{FF74BBA6-61A2-4ADE-95F1-FA83F09A510E}.Debug|Any CPU.Build.0 = Debug|Any CPU
		{FF74BBA6-61A2-4ADE-95F1-FA83F09A510E}.Release|Any CPU.ActiveCfg = Release|Any CPU
		{FF74BBA6-61A2-4ADE-95F1-FA83F09A510E}.Release|Any CPU.Build.0 = Release|Any CPU
	EndGlobalSection
	GlobalSection(SolutionProperties) = preSolution
		HideSolutionNode = FALSE
	EndGlobalSection
	GlobalSection(ExtensibilityGlobals) = postSolution
		SolutionGuid = {754A1EB9-6193-4DFA-8AAC-8E52B7D97CC4}
	EndGlobalSection
EndGlobal
